
Microsoft Visual Studio Solution File, Format Version 12.00
# Visual Studio Version 16
VisualStudioVersion = 16.0.30611.23
MinimumVisualStudioVersion = 10.0.40219.1
Project("{FAE04EC0-301F-11D3-BF4B-00C04F79EFBC}") = "UTF2-EJER4", "UTF2-EJER4\UTF2-EJER4.csproj", "{B3A754C1-17C6-4E7E-B931-6C4CE47633A2}"
EndProject
Global
	GlobalSection(SolutionConfigurationPlatforms) = preSolution
		Debug|Any CPU = Debug|Any CPU
		Release|Any CPU = Release|Any CPU
	EndGlobalSection
	GlobalSection(ProjectConfigurationPlatforms) = postSolution
		{B3A754C1-17C6-4E7E-B931-6C4CE47633A2}.Debug|Any CPU.ActiveCfg = Debug|Any CPU
		{B3A754C1-17C6-4E7E-B931-6C4CE47633A2}.Debug|Any CPU.Build.0 = Debug|Any CPU
		{B3A754C1-17C6-4E7E-B931-6C4CE47633A2}.Release|Any CPU.ActiveCfg = Release|Any CPU
		{B3A754C1-17C6-4E7E-B931-6C4CE47633A2}.Release|Any CPU.Build.0 = Release|Any CPU
	EndGlobalSection
	GlobalSection(SolutionProperties) = preSolution
		HideSolutionNode = FALSE
	EndGlobalSection
	GlobalSection(ExtensibilityGlobals) = postSolution
		SolutionGuid = {67498239-738D-4D75-84E5-F5CC53DD3E1C}
	EndGlobalSection
EndGlobal
